
Microsoft Visual Studio Solution File, Format Version 12.00
# Visual Studio Version 17
VisualStudioVersion = 17.14.36212.18
MinimumVisualStudioVersion = 10.0.40219.1
Project("{2150E333-8FDC-42A3-9474-1A3956D46DE8}") = "AuthService", "AuthService", "{02EA681E-C7D8-13C7-8484-4AC65E1B71E8}"
EndProject
Project("{FAE04EC0-301F-11D3-BF4B-00C04F79EFBC}") = "AuthService", "AuthService\AuthService\AuthService.csproj", "{10B3590B-DCF7-49B9-BC6F-3222ADD5B5A3}"
EndProject
Project("{2150E333-8FDC-42A3-9474-1A3956D46DE8}") = "Core", "Core", "{920C3EF4-EA72-435E-9002-C3F910A6F8FB}"
EndProject
Project("{FAE04EC0-301F-11D3-BF4B-00C04F79EFBC}") = "Auth.Domain", "AuthService\Core\User.Domain\Auth.Domain.csproj", "{3C050796-B50D-414A-8035-E2ABE7E7E3D5}"
EndProject
Project("{FAE04EC0-301F-11D3-BF4B-00C04F79EFBC}") = "Auth.Service", "AuthService\Core\Auth.Service\Auth.Service.csproj", "{120F8272-CDBA-4AD4-97A1-96BA6BBFEFE8}"
EndProject
Project("{FAE04EC0-301F-11D3-BF4B-00C04F79EFBC}") = "Auth.ServiceAbstraction", "AuthService\Core\Auth.ServiceAbstraction\Auth.ServiceAbstraction.csproj", "{DFB1C9AA-8D29-4D64-8325-E7F80D2156F0}"
EndProject
Project("{2150E333-8FDC-42A3-9474-1A3956D46DE8}") = "CommanLib", "CommanLib", "{B10DE4BB-5BF4-409B-ABB4-FF626EBAC2D1}"
EndProject
Project("{2150E333-8FDC-42A3-9474-1A3956D46DE8}") = "Infrastructure", "Infrastructure", "{D9071932-2C9F-4D4E-A4B7-31486A70E0C8}"
EndProject
Project("{FAE04EC0-301F-11D3-BF4B-00C04F79EFBC}") = "Auth.Persistence", "AuthService\Infrastructure\Auth.Persistence\Auth.Persistence.csproj", "{DC5F7CD4-A62D-4CF6-BE8D-A1E20AB573FD}"
EndProject
Project("{FAE04EC0-301F-11D3-BF4B-00C04F79EFBC}") = "Auth.presentation Api", "AuthService\Infrastructure\Auth.presentation Api\Auth.presentation Api.csproj", "{27FAFD23-9F5B-445F-98F9-5828BD871F66}"
EndProject
Project("{FAE04EC0-301F-11D3-BF4B-00C04F79EFBC}") = "Auth.Shared", "AuthService\Auth.Shared\Auth.Shared.csproj", "{29EF6C80-A47B-48A2-8D4B-7978F2C3FF12}"
EndProject
Project("{FAE04EC0-301F-11D3-BF4B-00C04F79EFBC}") = "CommanLib", "CommanLib\CommanLib\CommanLib.csproj", "{C893DACC-8BC4-47A2-B81D-74BE6E7E3B7B}"
EndProject
Project("{2150E333-8FDC-42A3-9474-1A3956D46DE8}") = "UserService", "UserService", "{6D865FD3-8DA8-4765-A321-4A9A0209BFB2}"
EndProject
Project("{FAE04EC0-301F-11D3-BF4B-00C04F79EFBC}") = "UserService", "UserService\UserService\UserService.csproj", "{79507C09-2F02-4AF8-8082-4FF694A97AC9}"
EndProject
Project("{2150E333-8FDC-42A3-9474-1A3956D46DE8}") = "Core", "Core", "{283A0EBE-0207-49C7-939F-DEBB12FFCE8A}"
EndProject
Project("{FAE04EC0-301F-11D3-BF4B-00C04F79EFBC}") = "User.Domain", "UserService\Core\User.Domain\User.Domain.csproj", "{9D1F18BC-D790-4394-926D-7C61B0A81827}"
EndProject
Project("{FAE04EC0-301F-11D3-BF4B-00C04F79EFBC}") = "User.Services", "UserService\Core\User.Services\User.Services.csproj", "{3F1BB850-0688-45B8-98D7-1B86E516DADA}"
EndProject
Project("{FAE04EC0-301F-11D3-BF4B-00C04F79EFBC}") = "User.ServicesAbstract", "UserService\Core\User.ServicesAbstract\User.ServicesAbstract.csproj", "{7C54511E-0D56-4AC6-A5CB-1FDCFE80315E}"
EndProject
Project("{2150E333-8FDC-42A3-9474-1A3956D46DE8}") = "Infrastructure", "Infrastructure", "{CBD26364-CBAA-44F4-9022-D6D26BB47E57}"
EndProject
Project("{FAE04EC0-301F-11D3-BF4B-00C04F79EFBC}") = "User.Persistence", "UserService\Infrastructure\User.Persistence\User.Persistence.csproj", "{12D028DD-3276-4783-8BA6-7AC3E27E06D5}"
EndProject
Project("{FAE04EC0-301F-11D3-BF4B-00C04F79EFBC}") = "User.Presentation API", "UserService\Infrastructure\User.Presentation API\User.Presentation API.csproj", "{3D4F593D-9908-4F27-B946-000AB63A924A}"
EndProject
Project("{FAE04EC0-301F-11D3-BF4B-00C04F79EFBC}") = "User.shared", "UserService\User.shared\User.shared.csproj", "{1279D145-0BCA-4E1C-AD46-DCDD861F3AF8}"
EndProject
Project("{2150E333-8FDC-42A3-9474-1A3956D46DE8}") = "CoummunityService", "CoummunityService", "{38BDC88F-5508-4163-930C-50FCE09712EC}"
EndProject
Global
	GlobalSection(SolutionConfigurationPlatforms) = preSolution
		Debug|Any CPU = Debug|Any CPU
		Release|Any CPU = Release|Any CPU
	EndGlobalSection
	GlobalSection(ProjectConfigurationPlatforms) = postSolution
		{10B3590B-DCF7-49B9-BC6F-3222ADD5B5A3}.Debug|Any CPU.ActiveCfg = Debug|Any CPU
		{10B3590B-DCF7-49B9-BC6F-3222ADD5B5A3}.Debug|Any CPU.Build.0 = Debug|Any CPU
		{10B3590B-DCF7-49B9-BC6F-3222ADD5B5A3}.Release|Any CPU.ActiveCfg = Release|Any CPU
		{10B3590B-DCF7-49B9-BC6F-3222ADD5B5A3}.Release|Any CPU.Build.0 = Release|Any CPU
		{3C050796-B50D-414A-8035-E2ABE7E7E3D5}.Debug|Any CPU.ActiveCfg = Debug|Any CPU
		{3C050796-B50D-414A-8035-E2ABE7E7E3D5}.Debug|Any CPU.Build.0 = Debug|Any CPU
		{3C050796-B50D-414A-8035-E2ABE7E7E3D5}.Release|Any CPU.ActiveCfg = Release|Any CPU
		{3C050796-B50D-414A-8035-E2ABE7E7E3D5}.Release|Any CPU.Build.0 = Release|Any CPU
		{120F8272-CDBA-4AD4-97A1-96BA6BBFEFE8}.Debug|Any CPU.ActiveCfg = Debug|Any CPU
		{120F8272-CDBA-4AD4-97A1-96BA6BBFEFE8}.Debug|Any CPU.Build.0 = Debug|Any CPU
		{120F8272-CDBA-4AD4-97A1-96BA6BBFEFE8}.Release|Any CPU.ActiveCfg = Release|Any CPU
		{120F8272-CDBA-4AD4-97A1-96BA6BBFEFE8}.Release|Any CPU.Build.0 = Release|Any CPU
		{DFB1C9AA-8D29-4D64-8325-E7F80D2156F0}.Debug|Any CPU.ActiveCfg = Debug|Any CPU
		{DFB1C9AA-8D29-4D64-8325-E7F80D2156F0}.Debug|Any CPU.Build.0 = Debug|Any CPU
		{DFB1C9AA-8D29-4D64-8325-E7F80D2156F0}.Release|Any CPU.ActiveCfg = Release|Any CPU
		{DFB1C9AA-8D29-4D64-8325-E7F80D2156F0}.Release|Any CPU.Build.0 = Release|Any CPU
		{DC5F7CD4-A62D-4CF6-BE8D-A1E20AB573FD}.Debug|Any CPU.ActiveCfg = Debug|Any CPU
		{DC5F7CD4-A62D-4CF6-BE8D-A1E20AB573FD}.Debug|Any CPU.Build.0 = Debug|Any CPU
		{DC5F7CD4-A62D-4CF6-BE8D-A1E20AB573FD}.Release|Any CPU.ActiveCfg = Release|Any CPU
		{DC5F7CD4-A62D-4CF6-BE8D-A1E20AB573FD}.Release|Any CPU.Build.0 = Release|Any CPU
		{27FAFD23-9F5B-445F-98F9-5828BD871F66}.Debug|Any CPU.ActiveCfg = Debug|Any CPU
		{27FAFD23-9F5B-445F-98F9-5828BD871F66}.Debug|Any CPU.Build.0 = Debug|Any CPU
		{27FAFD23-9F5B-445F-98F9-5828BD871F66}.Release|Any CPU.ActiveCfg = Release|Any CPU
		{27FAFD23-9F5B-445F-98F9-5828BD871F66}.Release|Any CPU.Build.0 = Release|Any CPU
		{29EF6C80-A47B-48A2-8D4B-7978F2C3FF12}.Debug|Any CPU.ActiveCfg = Debug|Any CPU
		{29EF6C80-A47B-48A2-8D4B-7978F2C3FF12}.Debug|Any CPU.Build.0 = Debug|Any CPU
		{29EF6C80-A47B-48A2-8D4B-7978F2C3FF12}.Release|Any CPU.ActiveCfg = Release|Any CPU
		{29EF6C80-A47B-48A2-8D4B-7978F2C3FF12}.Release|Any CPU.Build.0 = Release|Any CPU
		{C893DACC-8BC4-47A2-B81D-74BE6E7E3B7B}.Debug|Any CPU.ActiveCfg = Debug|Any CPU
		{C893DACC-8BC4-47A2-B81D-74BE6E7E3B7B}.Debug|Any CPU.Build.0 = Debug|Any CPU
		{C893DACC-8BC4-47A2-B81D-74BE6E7E3B7B}.Release|Any CPU.ActiveCfg = Release|Any CPU
		{C893DACC-8BC4-47A2-B81D-74BE6E7E3B7B}.Release|Any CPU.Build.0 = Release|Any CPU
		{79507C09-2F02-4AF8-8082-4FF694A97AC9}.Debug|Any CPU.ActiveCfg = Debug|Any CPU
		{79507C09-2F02-4AF8-8082-4FF694A97AC9}.Debug|Any CPU.Build.0 = Debug|Any CPU
		{79507C09-2F02-4AF8-8082-4FF694A97AC9}.Release|Any CPU.ActiveCfg = Release|Any CPU
		{79507C09-2F02-4AF8-8082-4FF694A97AC9}.Release|Any CPU.Build.0 = Release|Any CPU
		{9D1F18BC-D790-4394-926D-7C61B0A81827}.Debug|Any CPU.ActiveCfg = Debug|Any CPU
		{9D1F18BC-D790-4394-926D-7C61B0A81827}.Debug|Any CPU.Build.0 = Debug|Any CPU
		{9D1F18BC-D790-4394-926D-7C61B0A81827}.Release|Any CPU.ActiveCfg = Release|Any CPU
		{9D1F18BC-D790-4394-926D-7C61B0A81827}.Release|Any CPU.Build.0 = Release|Any CPU
		{3F1BB850-0688-45B8-98D7-1B86E516DADA}.Debug|Any CPU.ActiveCfg = Debug|Any CPU
		{3F1BB850-0688-45B8-98D7-1B86E516DADA}.Debug|Any CPU.Build.0 = Debug|Any CPU
		{3F1BB850-0688-45B8-98D7-1B86E516DADA}.Release|Any CPU.ActiveCfg = Release|Any CPU
		{3F1BB850-0688-45B8-98D7-1B86E516DADA}.Release|Any CPU.Build.0 = Release|Any CPU
		{7C54511E-0D56-4AC6-A5CB-1FDCFE80315E}.Debug|Any CPU.ActiveCfg = Debug|Any CPU
		{7C54511E-0D56-4AC6-A5CB-1FDCFE80315E}.Debug|Any CPU.Build.0 = Debug|Any CPU
		{7C54511E-0D56-4AC6-A5CB-1FDCFE80315E}.Release|Any CPU.ActiveCfg = Release|Any CPU
		{7C54511E-0D56-4AC6-A5CB-1FDCFE80315E}.Release|Any CPU.Build.0 = Release|Any CPU
		{12D028DD-3276-4783-8BA6-7AC3E27E06D5}.Debug|Any CPU.ActiveCfg = Debug|Any CPU
		{12D028DD-3276-4783-8BA6-7AC3E27E06D5}.Debug|Any CPU.Build.0 = Debug|Any CPU
		{12D028DD-3276-4783-8BA6-7AC3E27E06D5}.Release|Any CPU.ActiveCfg = Release|Any CPU
		{12D028DD-3276-4783-8BA6-7AC3E27E06D5}.Release|Any CPU.Build.0 = Release|Any CPU
		{3D4F593D-9908-4F27-B946-000AB63A924A}.Debug|Any CPU.ActiveCfg = Debug|Any CPU
		{3D4F593D-9908-4F27-B946-000AB63A924A}.Debug|Any CPU.Build.0 = Debug|Any CPU
		{3D4F593D-9908-4F27-B946-000AB63A924A}.Release|Any CPU.ActiveCfg = Release|Any CPU
		{3D4F593D-9908-4F27-B946-000AB63A924A}.Release|Any CPU.Build.0 = Release|Any CPU
		{1279D145-0BCA-4E1C-AD46-DCDD861F3AF8}.Debug|Any CPU.ActiveCfg = Debug|Any CPU
		{1279D145-0BCA-4E1C-AD46-DCDD861F3AF8}.Debug|Any CPU.Build.0 = Debug|Any CPU
		{1279D145-0BCA-4E1C-AD46-DCDD861F3AF8}.Release|Any CPU.ActiveCfg = Release|Any CPU
		{1279D145-0BCA-4E1C-AD46-DCDD861F3AF8}.Release|Any CPU.Build.0 = Release|Any CPU
	EndGlobalSection
	GlobalSection(SolutionProperties) = preSolution
		HideSolutionNode = FALSE
	EndGlobalSection
	GlobalSection(NestedProjects) = preSolution
		{10B3590B-DCF7-49B9-BC6F-3222ADD5B5A3} = {02EA681E-C7D8-13C7-8484-4AC65E1B71E8}
		{920C3EF4-EA72-435E-9002-C3F910A6F8FB} = {02EA681E-C7D8-13C7-8484-4AC65E1B71E8}
		{3C050796-B50D-414A-8035-E2ABE7E7E3D5} = {920C3EF4-EA72-435E-9002-C3F910A6F8FB}
		{120F8272-CDBA-4AD4-97A1-96BA6BBFEFE8} = {920C3EF4-EA72-435E-9002-C3F910A6F8FB}
		{DFB1C9AA-8D29-4D64-8325-E7F80D2156F0} = {920C3EF4-EA72-435E-9002-C3F910A6F8FB}
		{D9071932-2C9F-4D4E-A4B7-31486A70E0C8} = {02EA681E-C7D8-13C7-8484-4AC65E1B71E8}
		{DC5F7CD4-A62D-4CF6-BE8D-A1E20AB573FD} = {D9071932-2C9F-4D4E-A4B7-31486A70E0C8}
		{27FAFD23-9F5B-445F-98F9-5828BD871F66} = {D9071932-2C9F-4D4E-A4B7-31486A70E0C8}
		{29EF6C80-A47B-48A2-8D4B-7978F2C3FF12} = {02EA681E-C7D8-13C7-8484-4AC65E1B71E8}
		{C893DACC-8BC4-47A2-B81D-74BE6E7E3B7B} = {B10DE4BB-5BF4-409B-ABB4-FF626EBAC2D1}
		{79507C09-2F02-4AF8-8082-4FF694A97AC9} = {6D865FD3-8DA8-4765-A321-4A9A0209BFB2}
		{283A0EBE-0207-49C7-939F-DEBB12FFCE8A} = {6D865FD3-8DA8-4765-A321-4A9A0209BFB2}
		{9D1F18BC-D790-4394-926D-7C61B0A81827} = {283A0EBE-0207-49C7-939F-DEBB12FFCE8A}
		{3F1BB850-0688-45B8-98D7-1B86E516DADA} = {283A0EBE-0207-49C7-939F-DEBB12FFCE8A}
		{7C54511E-0D56-4AC6-A5CB-1FDCFE80315E} = {283A0EBE-0207-49C7-939F-DEBB12FFCE8A}
		{CBD26364-CBAA-44F4-9022-D6D26BB47E57} = {6D865FD3-8DA8-4765-A321-4A9A0209BFB2}
		{12D028DD-3276-4783-8BA6-7AC3E27E06D5} = {CBD26364-CBAA-44F4-9022-D6D26BB47E57}
		{3D4F593D-9908-4F27-B946-000AB63A924A} = {CBD26364-CBAA-44F4-9022-D6D26BB47E57}
		{1279D145-0BCA-4E1C-AD46-DCDD861F3AF8} = {6D865FD3-8DA8-4765-A321-4A9A0209BFB2}
	EndGlobalSection
	GlobalSection(ExtensibilityGlobals) = postSolution
		SolutionGuid = {A91ABF6F-0405-4FDA-8572-E36B7430C967}
	EndGlobalSection
EndGlobal
